
Microsoft Visual Studio Solution File, Format Version 12.00
# Visual Studio Version 16
VisualStudioVersion = 16.0.30804.86
MinimumVisualStudioVersion = 10.0.40219.1
Project("{FAE04EC0-301F-11D3-BF4B-00C04F79EFBC}") = "PreviewPaneExtensionSample", "PreviewPaneExtensionSample\PreviewPaneExtensionSample.csproj", "{52494317-8F3C-4ED1-B0C9-EA3979654352}"
EndProject
Project("{FAE04EC0-301F-11D3-BF4B-00C04F79EFBC}") = "FilePreviewService", "FilePreviewService\FilePreviewService.csproj", "{E12C85B3-2B31-4783-9BF0-D251A8599750}"
EndProject
Global
	GlobalSection(SolutionConfigurationPlatforms) = preSolution
		Debug|Any CPU = Debug|Any CPU
		Debug|ARM = Debug|ARM
		Debug|ARM64 = Debug|ARM64
		Debug|x64 = Debug|x64
		Debug|x86 = Debug|x86
		Release|Any CPU = Release|Any CPU
		Release|ARM = Release|ARM
		Release|ARM64 = Release|ARM64
		Release|x64 = Release|x64
		Release|x86 = Release|x86
	EndGlobalSection
	GlobalSection(ProjectConfigurationPlatforms) = postSolution
		{52494317-8F3C-4ED1-B0C9-EA3979654352}.Debug|Any CPU.ActiveCfg = Debug|x86
		{52494317-8F3C-4ED1-B0C9-EA3979654352}.Debug|ARM.ActiveCfg = Debug|ARM
		{52494317-8F3C-4ED1-B0C9-EA3979654352}.Debug|ARM.Build.0 = Debug|ARM
		{52494317-8F3C-4ED1-B0C9-EA3979654352}.Debug|ARM.Deploy.0 = Debug|ARM
		{52494317-8F3C-4ED1-B0C9-EA3979654352}.Debug|ARM64.ActiveCfg = Debug|ARM64
		{52494317-8F3C-4ED1-B0C9-EA3979654352}.Debug|ARM64.Build.0 = Debug|ARM64
		{52494317-8F3C-4ED1-B0C9-EA3979654352}.Debug|ARM64.Deploy.0 = Debug|ARM64
		{52494317-8F3C-4ED1-B0C9-EA3979654352}.Debug|x64.ActiveCfg = Debug|x64
		{52494317-8F3C-4ED1-B0C9-EA3979654352}.Debug|x64.Build.0 = Debug|x64
		{52494317-8F3C-4ED1-B0C9-EA3979654352}.Debug|x64.Deploy.0 = Debug|x64
		{52494317-8F3C-4ED1-B0C9-EA3979654352}.Debug|x86.ActiveCfg = Debug|x86
		{52494317-8F3C-4ED1-B0C9-EA3979654352}.Debug|x86.Build.0 = Debug|x86
		{52494317-8F3C-4ED1-B0C9-EA3979654352}.Debug|x86.Deploy.0 = Debug|x86
		{52494317-8F3C-4ED1-B0C9-EA3979654352}.Release|Any CPU.ActiveCfg = Release|x86
		{52494317-8F3C-4ED1-B0C9-EA3979654352}.Release|ARM.ActiveCfg = Release|ARM
		{52494317-8F3C-4ED1-B0C9-EA3979654352}.Release|ARM.Build.0 = Release|ARM
		{52494317-8F3C-4ED1-B0C9-EA3979654352}.Release|ARM.Deploy.0 = Release|ARM
		{52494317-8F3C-4ED1-B0C9-EA3979654352}.Release|ARM64.ActiveCfg = Release|ARM64
		{52494317-8F3C-4ED1-B0C9-EA3979654352}.Release|ARM64.Build.0 = Release|ARM64
		{52494317-8F3C-4ED1-B0C9-EA3979654352}.Release|ARM64.Deploy.0 = Release|ARM64
		{52494317-8F3C-4ED1-B0C9-EA3979654352}.Release|x64.ActiveCfg = Release|x64
		{52494317-8F3C-4ED1-B0C9-EA3979654352}.Release|x64.Build.0 = Release|x64
		{52494317-8F3C-4ED1-B0C9-EA3979654352}.Release|x64.Deploy.0 = Release|x64
		{52494317-8F3C-4ED1-B0C9-EA3979654352}.Release|x86.ActiveCfg = Release|x86
		{52494317-8F3C-4ED1-B0C9-EA3979654352}.Release|x86.Build.0 = Release|x86
		{52494317-8F3C-4ED1-B0C9-EA3979654352}.Release|x86.Deploy.0 = Release|x86
		{E12C85B3-2B31-4783-9BF0-D251A8599750}.Debug|Any CPU.ActiveCfg = Debug|Any CPU
		{E12C85B3-2B31-4783-9BF0-D251A8599750}.Debug|Any CPU.Build.0 = Debug|Any CPU
		{E12C85B3-2B31-4783-9BF0-D251A8599750}.Debug|ARM.ActiveCfg = Debug|ARM
		{E12C85B3-2B31-4783-9BF0-D251A8599750}.Debug|ARM.Build.0 = Debug|ARM
		{E12C85B3-2B31-4783-9BF0-D251A8599750}.Debug|ARM64.ActiveCfg = Debug|ARM64
		{E12C85B3-2B31-4783-9BF0-D251A8599750}.Debug|ARM64.Build.0 = Debug|ARM64
		{E12C85B3-2B31-4783-9BF0-D251A8599750}.Debug|x64.ActiveCfg = Debug|x64
		{E12C85B3-2B31-4783-9BF0-D251A8599750}.Debug|x64.Build.0 = Debug|x64
		{E12C85B3-2B31-4783-9BF0-D251A8599750}.Debug|x86.ActiveCfg = Debug|x86
		{E12C85B3-2B31-4783-9BF0-D251A8599750}.Debug|x86.Build.0 = Debug|x86
		{E12C85B3-2B31-4783-9BF0-D251A8599750}.Release|Any CPU.ActiveCfg = Release|Any CPU
		{E12C85B3-2B31-4783-9BF0-D251A8599750}.Release|Any CPU.Build.0 = Release|Any CPU
		{E12C85B3-2B31-4783-9BF0-D251A8599750}.Release|ARM.ActiveCfg = Release|ARM
		{E12C85B3-2B31-4783-9BF0-D251A8599750}.Release|ARM.Build.0 = Release|ARM
		{E12C85B3-2B31-4783-9BF0-D251A8599750}.Release|ARM64.ActiveCfg = Release|ARM64
		{E12C85B3-2B31-4783-9BF0-D251A8599750}.Release|ARM64.Build.0 = Release|ARM64
		{E12C85B3-2B31-4783-9BF0-D251A8599750}.Release|x64.ActiveCfg = Release|x64
		{E12C85B3-2B31-4783-9BF0-D251A8599750}.Release|x64.Build.0 = Release|x64
		{E12C85B3-2B31-4783-9BF0-D251A8599750}.Release|x86.ActiveCfg = Release|x86
		{E12C85B3-2B31-4783-9BF0-D251A8599750}.Release|x86.Build.0 = Release|x86
	EndGlobalSection
	GlobalSection(SolutionProperties) = preSolution
		HideSolutionNode = FALSE
	EndGlobalSection
	GlobalSection(ExtensibilityGlobals) = postSolution
		SolutionGuid = {CD2DF5D3-7F60-4D3C-A4ED-CDAFD32585EE}
	EndGlobalSection
EndGlobal
